
Microsoft Visual Studio Solution File, Format Version 12.00
# Visual Studio 2012
Project("{FAE04EC0-301F-11D3-BF4B-00C04F79EFBC}") = "GONIS.Core", "GONIS.Core\GONIS.Core.csproj", "{151A93AB-FFF8-4A26-9F00-F24871B10E10}"
EndProject
Project("{FAE04EC0-301F-11D3-BF4B-00C04F79EFBC}") = "GONIS.Cmd", "GONIS.Cmd\GONIS.Cmd.csproj", "{FBD5ACB8-888D-4F3A-8354-628E052910B7}"
EndProject
Project("{FAE04EC0-301F-11D3-BF4B-00C04F79EFBC}") = "GONIS.ReactRedux", "GONIS.ReactRedux\GONIS.ReactRedux.csproj", "{39B0E28F-36AE-404A-9776-35EB2A05856F}"
EndProject
Project("{FAE04EC0-301F-11D3-BF4B-00C04F79EFBC}") = "GONIS.Test", "GONIS.Test\GONIS.Test.csproj", "{38132C37-A2A2-41C3-AB97-732FF938285A}"
EndProject
Global
	GlobalSection(SolutionConfigurationPlatforms) = preSolution
		Debug|Any CPU = Debug|Any CPU
		Release|Any CPU = Release|Any CPU
	EndGlobalSection
	GlobalSection(ProjectConfigurationPlatforms) = postSolution
		{151A93AB-FFF8-4A26-9F00-F24871B10E10}.Debug|Any CPU.ActiveCfg = Debug|Any CPU
		{151A93AB-FFF8-4A26-9F00-F24871B10E10}.Debug|Any CPU.Build.0 = Debug|Any CPU
		{151A93AB-FFF8-4A26-9F00-F24871B10E10}.Release|Any CPU.ActiveCfg = Release|Any CPU
		{151A93AB-FFF8-4A26-9F00-F24871B10E10}.Release|Any CPU.Build.0 = Release|Any CPU
		{FBD5ACB8-888D-4F3A-8354-628E052910B7}.Debug|Any CPU.ActiveCfg = Debug|Any CPU
		{FBD5ACB8-888D-4F3A-8354-628E052910B7}.Debug|Any CPU.Build.0 = Debug|Any CPU
		{FBD5ACB8-888D-4F3A-8354-628E052910B7}.Release|Any CPU.ActiveCfg = Release|Any CPU
		{FBD5ACB8-888D-4F3A-8354-628E052910B7}.Release|Any CPU.Build.0 = Release|Any CPU
		{39B0E28F-36AE-404A-9776-35EB2A05856F}.Debug|Any CPU.ActiveCfg = Debug|Any CPU
		{39B0E28F-36AE-404A-9776-35EB2A05856F}.Debug|Any CPU.Build.0 = Debug|Any CPU
		{39B0E28F-36AE-404A-9776-35EB2A05856F}.Release|Any CPU.ActiveCfg = Release|Any CPU
		{39B0E28F-36AE-404A-9776-35EB2A05856F}.Release|Any CPU.Build.0 = Release|Any CPU
		{38132C37-A2A2-41C3-AB97-732FF938285A}.Debug|Any CPU.ActiveCfg = Debug|Any CPU
		{38132C37-A2A2-41C3-AB97-732FF938285A}.Debug|Any CPU.Build.0 = Debug|Any CPU
		{38132C37-A2A2-41C3-AB97-732FF938285A}.Release|Any CPU.ActiveCfg = Release|Any CPU
		{38132C37-A2A2-41C3-AB97-732FF938285A}.Release|Any CPU.Build.0 = Release|Any CPU
	EndGlobalSection
EndGlobal
